// !$*UTF8*$!
{
	archiveVersion = 1;
	classes = {
	};
	objectVersion = 50;
	objects = {

/* Begin PBXBuildFile section */
		A2236A0D2572CD6400484B88 /* Array+Identifiable.swift in Sources */ = {isa = PBXBuildFile; fileRef = A2236A0C2572CD6400484B88 /* Array+Identifiable.swift */; };
		A2236A102572CF1D00484B88 /* GridLayout.swift in Sources */ = {isa = PBXBuildFile; fileRef = A2236A0F2572CF1D00484B88 /* GridLayout.swift */; };
		A2236A152572DBA600484B88 /* Array+Only.swift in Sources */ = {isa = PBXBuildFile; fileRef = A2236A142572DBA600484B88 /* Array+Only.swift */; };
		A290CD6025729387007060BA /* Grid.swift in Sources */ = {isa = PBXBuildFile; fileRef = A290CD5F25729387007060BA /* Grid.swift */; };
		A2D07AAB2567FFB300739327 /* MemoryGameApp.swift in Sources */ = {isa = PBXBuildFile; fileRef = A2D07AAA2567FFB300739327 /* MemoryGameApp.swift */; };
		A2D07AAD2567FFB300739327 /* EmojiMemoryGameView.swift in Sources */ = {isa = PBXBuildFile; fileRef = A2D07AAC2567FFB300739327 /* EmojiMemoryGameView.swift */; };
		A2D07AAF2567FFB400739327 /* Assets.xcassets in Resources */ = {isa = PBXBuildFile; fileRef = A2D07AAE2567FFB400739327 /* Assets.xcassets */; };
		A2D07AB22567FFB400739327 /* Preview Assets.xcassets in Resources */ = {isa = PBXBuildFile; fileRef = A2D07AB12567FFB400739327 /* Preview Assets.xcassets */; };
		A2D07ABB2567FFD200739327 /* EmojiMemoryGame.swift in Sources */ = {isa = PBXBuildFile; fileRef = A2D07ABA2567FFD200739327 /* EmojiMemoryGame.swift */; };
		A2D07ABE2568001C00739327 /* MemoryGame.swift in Sources */ = {isa = PBXBuildFile; fileRef = A2D07ABD2568001C00739327 /* MemoryGame.swift */; };
/* End PBXBuildFile section */

/* Begin PBXFileReference section */
		A2236A0C2572CD6400484B88 /* Array+Identifiable.swift */ = {isa = PBXFileReference; lastKnownFileType = sourcecode.swift; path = "Array+Identifiable.swift"; sourceTree = "<group>"; };
		A2236A0F2572CF1D00484B88 /* GridLayout.swift */ = {isa = PBXFileReference; lastKnownFileType = sourcecode.swift; path = GridLayout.swift; sourceTree = "<group>"; };
		A2236A142572DBA600484B88 /* Array+Only.swift */ = {isa = PBXFileReference; lastKnownFileType = sourcecode.swift; path = "Array+Only.swift"; sourceTree = "<group>"; };
		A290CD5F25729387007060BA /* Grid.swift */ = {isa = PBXFileReference; lastKnownFileType = sourcecode.swift; path = Grid.swift; sourceTree = "<group>"; };
		A2D07AA72567FFB300739327 /* MemoryGame.app */ = {isa = PBXFileReference; explicitFileType = wrapper.application; includeInIndex = 0; path = MemoryGame.app; sourceTree = BUILT_PRODUCTS_DIR; };
		A2D07AAA2567FFB300739327 /* MemoryGameApp.swift */ = {isa = PBXFileReference; lastKnownFileType = sourcecode.swift; path = MemoryGameApp.swift; sourceTree = "<group>"; };
		A2D07AAC2567FFB300739327 /* EmojiMemoryGameView.swift */ = {isa = PBXFileReference; lastKnownFileType = sourcecode.swift; path = EmojiMemoryGameView.swift; sourceTree = "<group>"; };
		A2D07AAE2567FFB400739327 /* Assets.xcassets */ = {isa = PBXFileReference; lastKnownFileType = folder.assetcatalog; path = Assets.xcassets; sourceTree = "<group>"; };
		A2D07AB12567FFB400739327 /* Preview Assets.xcassets */ = {isa = PBXFileReference; lastKnownFileType = folder.assetcatalog; path = "Preview Assets.xcassets"; sourceTree = "<group>"; };
		A2D07AB32567FFB400739327 /* Info.plist */ = {isa = PBXFileReference; lastKnownFileType = text.plist.xml; path = Info.plist; sourceTree = "<group>"; };
		A2D07ABA2567FFD200739327 /* EmojiMemoryGame.swift */ = {isa = PBXFileReference; lastKnownFileType = sourcecode.swift; path = EmojiMemoryGame.swift; sourceTree = "<group>"; };
		A2D07ABD2568001C00739327 /* MemoryGame.swift */ = {isa = PBXFileReference; lastKnownFileType = sourcecode.swift; path = MemoryGame.swift; sourceTree = "<group>"; };
/* End PBXFileReference section */

/* Begin PBXFrameworksBuildPhase section */
		A2D07AA42567FFB300739327 /* Frameworks */ = {
			isa = PBXFrameworksBuildPhase;
			buildActionMask = 2147483647;
			files = (
			);
			runOnlyForDeploymentPostprocessing = 0;
		};
/* End PBXFrameworksBuildPhase section */

/* Begin PBXGroup section */
		A2D07A9E2567FFB300739327 = {
			isa = PBXGroup;
			children = (
				A2D07AA92567FFB300739327 /* MemoryGame */,
				A2D07AA82567FFB300739327 /* Products */,
			);
			sourceTree = "<group>";
		};
		A2D07AA82567FFB300739327 /* Products */ = {
			isa = PBXGroup;
			children = (
				A2D07AA72567FFB300739327 /* MemoryGame.app */,
			);
			name = Products;
			sourceTree = "<group>";
		};
		A2D07AA92567FFB300739327 /* MemoryGame */ = {
			isa = PBXGroup;
			children = (
				A2D07AC32568007900739327 /* ViewModel */,
				A2D07AC22568006C00739327 /* Model */,
				A2D07AC12568006500739327 /* View */,
				A2D07AAA2567FFB300739327 /* MemoryGameApp.swift */,
				A2236A0F2572CF1D00484B88 /* GridLayout.swift */,
				A2236A0C2572CD6400484B88 /* Array+Identifiable.swift */,
				A2D07AAE2567FFB400739327 /* Assets.xcassets */,
				A2D07AB32567FFB400739327 /* Info.plist */,
				A2D07AB02567FFB400739327 /* Preview Content */,
			);
			path = MemoryGame;
			sourceTree = "<group>";
		};
		A2D07AB02567FFB400739327 /* Preview Content */ = {
			isa = PBXGroup;
			children = (
				A2D07AB12567FFB400739327 /* Preview Assets.xcassets */,
			);
			path = "Preview Content";
			sourceTree = "<group>";
		};
		A2D07AC12568006500739327 /* View */ = {
			isa = PBXGroup;
			children = (
				A2D07AAC2567FFB300739327 /* EmojiMemoryGameView.swift */,
				A290CD5F25729387007060BA /* Grid.swift */,
			);
			path = View;
			sourceTree = "<group>";
		};
		A2D07AC22568006C00739327 /* Model */ = {
			isa = PBXGroup;
			children = (
				A2D07ABD2568001C00739327 /* MemoryGame.swift */,
				A2236A142572DBA600484B88 /* Array+Only.swift */,
			);
			path = Model;
			sourceTree = "<group>";
		};
		A2D07AC32568007900739327 /* ViewModel */ = {
			isa = PBXGroup;
			children = (
				A2D07ABA2567FFD200739327 /* EmojiMemoryGame.swift */,
			);
			path = ViewModel;
			sourceTree = "<group>";
		};
/* End PBXGroup section */

/* Begin PBXNativeTarget section */
		A2D07AA62567FFB300739327 /* MemoryGame */ = {
			isa = PBXNativeTarget;
			buildConfigurationList = A2D07AB62567FFB400739327 /* Build configuration list for PBXNativeTarget "MemoryGame" */;
			buildPhases = (
				A2D07AA32567FFB300739327 /* Sources */,
				A2D07AA42567FFB300739327 /* Frameworks */,
				A2D07AA52567FFB300739327 /* Resources */,
			);
			buildRules = (
			);
			dependencies = (
			);
			name = MemoryGame;
			productName = MemoryGame;
			productReference = A2D07AA72567FFB300739327 /* MemoryGame.app */;
			productType = "com.apple.product-type.application";
		};
/* End PBXNativeTarget section */

/* Begin PBXProject section */
		A2D07A9F2567FFB300739327 /* Project object */ = {
			isa = PBXProject;
			attributes = {
				LastSwiftUpdateCheck = 1220;
				LastUpgradeCheck = 1220;
				TargetAttributes = {
					A2D07AA62567FFB300739327 = {
						CreatedOnToolsVersion = 12.2;
					};
				};
			};
			buildConfigurationList = A2D07AA22567FFB300739327 /* Build configuration list for PBXProject "MemoryGame" */;
			compatibilityVersion = "Xcode 9.3";
			developmentRegion = en;
			hasScannedForEncodings = 0;
			knownRegions = (
				en,
				Base,
			);
			mainGroup = A2D07A9E2567FFB300739327;
			productRefGroup = A2D07AA82567FFB300739327 /* Products */;
			projectDirPath = "";
			projectRoot = "";
			targets = (
				A2D07AA62567FFB300739327 /* MemoryGame */,
			);
		};
/* End PBXProject section */

/* Begin PBXResourcesBuildPhase section */
		A2D07AA52567FFB300739327 /* Resources */ = {
			isa = PBXResourcesBuildPhase;
			buildActionMask = 2147483647;
			files = (
				A2D07AB22567FFB400739327 /* Preview Assets.xcassets in Resources */,
				A2D07AAF2567FFB400739327 /* Assets.xcassets in Resources */,
			);
			runOnlyForDeploymentPostprocessing = 0;
		};
/* End PBXResourcesBuildPhase section */

/* Begin PBXSourcesBuildPhase section */
		A2D07AA32567FFB300739327 /* Sources */ = {
			isa = PBXSourcesBuildPhase;
			buildActionMask = 2147483647;
			files = (
				A2D07ABE2568001C00739327 /* MemoryGame.swift in Sources */,
				A2D07AAD2567FFB300739327 /* EmojiMemoryGameView.swift in Sources */,
				A2D07AAB2567FFB300739327 /* MemoryGameApp.swift in Sources */,
				A290CD6025729387007060BA /* Grid.swift in Sources */,
				A2236A0D2572CD6400484B88 /* Array+Identifiable.swift in Sources */,
				A2D07ABB2567FFD200739327 /* EmojiMemoryGame.swift in Sources */,
				A2236A102572CF1D00484B88 /* GridLayout.swift in Sources */,
				A2236A152572DBA600484B88 /* Array+Only.swift in Sources */,
			);
			runOnlyForDeploymentPostprocessing = 0;
		};
/* End PBXSourcesBuildPhase section */

/* Begin XCBuildConfiguration section */
		A2D07AB42567FFB400739327 /* Debug */ = {
			isa = XCBuildConfiguration;
			buildSettings = {
				ALWAYS_SEARCH_USER_PATHS = NO;
				CLANG_ANALYZER_NONNULL = YES;
				CLANG_ANALYZER_NUMBER_OBJECT_CONVERSION = YES_AGGRESSIVE;
				CLANG_CXX_LANGUAGE_STANDARD = "gnu++14";
				CLANG_CXX_LIBRARY = "libc++";
				CLANG_ENABLE_MODULES = YES;
				CLANG_ENABLE_OBJC_ARC = YES;
				CLANG_ENABLE_OBJC_WEAK = YES;
				CLANG_WARN_BLOCK_CAPTURE_AUTORELEASING = YES;
				CLANG_WARN_BOOL_CONVERSION = YES;
				CLANG_WARN_COMMA = YES;
				CLANG_WARN_CONSTANT_CONVERSION = YES;
				CLANG_WARN_DEPRECATED_OBJC_IMPLEMENTATIONS = YES;
				CLANG_WARN_DIRECT_OBJC_ISA_USAGE = YES_ERROR;
				CLANG_WARN_DOCUMENTATION_COMMENTS = YES;
				CLANG_WARN_EMPTY_BODY = YES;
				CLANG_WARN_ENUM_CONVERSION = YES;
				CLANG_WARN_INFINITE_RECURSION = YES;
				CLANG_WARN_INT_CONVERSION = YES;
				CLANG_WARN_NON_LITERAL_NULL_CONVERSION = YES;
				CLANG_WARN_OBJC_IMPLICIT_RETAIN_SELF = YES;
				CLANG_WARN_OBJC_LITERAL_CONVERSION = YES;
				CLANG_WARN_OBJC_ROOT_CLASS = YES_ERROR;
				CLANG_WARN_QUOTED_INCLUDE_IN_FRAMEWORK_HEADER = YES;
				CLANG_WARN_RANGE_LOOP_ANALYSIS = YES;
				CLANG_WARN_STRICT_PROTOTYPES = YES;
				CLANG_WARN_SUSPICIOUS_MOVE = YES;
				CLANG_WARN_UNGUARDED_AVAILABILITY = YES_AGGRESSIVE;
				CLANG_WARN_UNREACHABLE_CODE = YES;
				CLANG_WARN__DUPLICATE_METHOD_MATCH = YES;
				COPY_PHASE_STRIP = NO;
				DEBUG_INFORMATION_FORMAT = dwarf;
				ENABLE_STRICT_OBJC_MSGSEND = YES;
				ENABLE_TESTABILITY = YES;
				GCC_C_LANGUAGE_STANDARD = gnu11;
				GCC_DYNAMIC_NO_PIC = NO;
				GCC_NO_COMMON_BLOCKS = YES;
				GCC_OPTIMIZATION_LEVEL = 0;
				GCC_PREPROCESSOR_DEFINITIONS = (
					"DEBUG=1",
					"$(inherited)",
				);
				GCC_WARN_64_TO_32_BIT_CONVERSION = YES;
				GCC_WARN_ABOUT_RETURN_TYPE = YES_ERROR;
				GCC_WARN_UNDECLARED_SELECTOR = YES;
				GCC_WARN_UNINITIALIZED_AUTOS = YES_AGGRESSIVE;
				GCC_WARN_UNUSED_FUNCTION = YES;
				GCC_WARN_UNUSED_VARIABLE = YES;
				IPHONEOS_DEPLOYMENT_TARGET = 14.2;
				MTL_ENABLE_DEBUG_INFO = INCLUDE_SOURCE;
				MTL_FAST_MATH = YES;
				ONLY_ACTIVE_ARCH = YES;
				SDKROOT = iphoneos;
				SWIFT_ACTIVE_COMPILATION_CONDITIONS = DEBUG;
				SWIFT_OPTIMIZATION_LEVEL = "-Onone";
			};
			name = Debug;
		};
		A2D07AB52567FFB400739327 /* Release */ = {
			isa = XCBuildConfiguration;
			buildSettings = {
				ALWAYS_SEARCH_USER_PATHS = NO;
				CLANG_ANALYZER_NONNULL = YES;
				CLANG_ANALYZER_NUMBER_OBJECT_CONVERSION = YES_AGGRESSIVE;
				CLANG_CXX_LANGUAGE_STANDARD = "gnu++14";
				CLANG_CXX_LIBRARY = "libc++";
				CLANG_ENABLE_MODULES = YES;
				CLANG_ENABLE_OBJC_ARC = YES;
				CLANG_ENABLE_OBJC_WEAK = YES;
				CLANG_WARN_BLOCK_CAPTURE_AUTORELEASING = YES;
				CLANG_WARN_BOOL_CONVERSION = YES;
				CLANG_WARN_COMMA = YES;
				CLANG_WARN_CONSTANT_CONVERSION = YES;
				CLANG_WARN_DEPRECATED_OBJC_IMPLEMENTATIONS = YES;
				CLANG_WARN_DIRECT_OBJC_ISA_USAGE = YES_ERROR;
				CLANG_WARN_DOCUMENTATION_COMMENTS = YES;
				CLANG_WARN_EMPTY_BODY = YES;
				CLANG_WARN_ENUM_CONVERSION = YES;
				CLANG_WARN_INFINITE_RECURSION = YES;
				CLANG_WARN_INT_CONVERSION = YES;
				CLANG_WARN_NON_LITERAL_NULL_CONVERSION = YES;
				CLANG_WARN_OBJC_IMPLICIT_RETAIN_SELF = YES;
				CLANG_WARN_OBJC_LITERAL_CONVERSION = YES;
				CLANG_WARN_OBJC_ROOT_CLASS = YES_ERROR;
				CLANG_WARN_QUOTED_INCLUDE_IN_FRAMEWORK_HEADER = YES;
				CLANG_WARN_RANGE_LOOP_ANALYSIS = YES;
				CLANG_WARN_STRICT_PROTOTYPES = YES;
				CLANG_WARN_SUSPICIOUS_MOVE = YES;
				CLANG_WARN_UNGUARDED_AVAILABILITY = YES_AGGRESSIVE;
				CLANG_WARN_UNREACHABLE_CODE = YES;
				CLANG_WARN__DUPLICATE_METHOD_MATCH = YES;
				COPY_PHASE_STRIP = NO;
				DEBUG_INFORMATION_FORMAT = "dwarf-with-dsym";
				ENABLE_NS_ASSERTIONS = NO;
				ENABLE_STRICT_OBJC_MSGSEND = YES;
				GCC_C_LANGUAGE_STANDARD = gnu11;
				GCC_NO_COMMON_BLOCKS = YES;
				GCC_WARN_64_TO_32_BIT_CONVERSION = YES;
				GCC_WARN_ABOUT_RETURN_TYPE = YES_ERROR;
				GCC_WARN_UNDECLARED_SELECTOR = YES;
				GCC_WARN_UNINITIALIZED_AUTOS = YES_AGGRESSIVE;
				GCC_WARN_UNUSED_FUNCTION = YES;
				GCC_WARN_UNUSED_VARIABLE = YES;
				IPHONEOS_DEPLOYMENT_TARGET = 14.2;
				MTL_ENABLE_DEBUG_INFO = NO;
				MTL_FAST_MATH = YES;
				SDKROOT = iphoneos;
				SWIFT_COMPILATION_MODE = wholemodule;
				SWIFT_OPTIMIZATION_LEVEL = "-O";
				VALIDATE_PRODUCT = YES;
			};
			name = Release;
		};
		A2D07AB72567FFB400739327 /* Debug */ = {
			isa = XCBuildConfiguration;
			buildSettings = {
				ASSETCATALOG_COMPILER_APPICON_NAME = AppIcon;
				ASSETCATALOG_COMPILER_GLOBAL_ACCENT_COLOR_NAME = AccentColor;
				CODE_SIGN_STYLE = Automatic;
				DEVELOPMENT_ASSET_PATHS = "\"MemoryGame/Preview Content\"";
				DEVELOPMENT_TEAM = 28D96R6DP3;
				ENABLE_PREVIEWS = YES;
				INFOPLIST_FILE = MemoryGame/Info.plist;
				IPHONEOS_DEPLOYMENT_TARGET = 14.0;
				LD_RUNPATH_SEARCH_PATHS = (
					"$(inherited)",
					"@executable_path/Frameworks",
				);
				PRODUCT_BUNDLE_IDENTIFIER = MarusaHrobat.MemoryGame;
				PRODUCT_NAME = "$(TARGET_NAME)";
				SWIFT_VERSION = 5.0;
				TARGETED_DEVICE_FAMILY = "1,2";
			};
			name = Debug;
		};
		A2D07AB82567FFB400739327 /* Release */ = {
			isa = XCBuildConfiguration;
			buildSettings = {
				ASSETCATALOG_COMPILER_APPICON_NAME = AppIcon;
				ASSETCATALOG_COMPILER_GLOBAL_ACCENT_COLOR_NAME = AccentColor;
				CODE_SIGN_STYLE = Automatic;
				DEVELOPMENT_ASSET_PATHS = "\"MemoryGame/Preview Content\"";
				DEVELOPMENT_TEAM = 28D96R6DP3;
				ENABLE_PREVIEWS = YES;
				INFOPLIST_FILE = MemoryGame/Info.plist;
				IPHONEOS_DEPLOYMENT_TARGET = 14.0;
				LD_RUNPATH_SEARCH_PATHS = (
					"$(inherited)",
					"@executable_path/Frameworks",
				);
				PRODUCT_BUNDLE_IDENTIFIER = MarusaHrobat.MemoryGame;
				PRODUCT_NAME = "$(TARGET_NAME)";
				SWIFT_VERSION = 5.0;
				TARGETED_DEVICE_FAMILY = "1,2";
			};
			name = Release;
		};
/* End XCBuildConfiguration section */

/* Begin XCConfigurationList section */
		A2D07AA22567FFB300739327 /* Build configuration list for PBXProject "MemoryGame" */ = {
			isa = XCConfigurationList;
			buildConfigurations = (
				A2D07AB42567FFB400739327 /* Debug */,
				A2D07AB52567FFB400739327 /* Release */,
			);
			defaultConfigurationIsVisible = 0;
			defaultConfigurationName = Release;
		};
		A2D07AB62567FFB400739327 /* Build configuration list for PBXNativeTarget "MemoryGame" */ = {
			isa = XCConfigurationList;
			buildConfigurations = (
				A2D07AB72567FFB400739327 /* Debug */,
				A2D07AB82567FFB400739327 /* Release */,
			);
			defaultConfigurationIsVisible = 0;
			defaultConfigurationName = Release;
		};
/* End XCConfigurationList section */
	};
	rootObject = A2D07A9F2567FFB300739327 /* Project object */;
}
